
Microsoft Visual Studio Solution File, Format Version 12.00
# Visual Studio Version 16
VisualStudioVersion = 16.0.31624.102
MinimumVisualStudioVersion = 10.0.40219.1
Project("{9A19103F-16F7-4668-BE54-9A1E7A4F7556}") = "SessionViewer", "SessionViewer\SessionViewer.csproj", "{C00A999D-157B-485C-920D-118D25C8F682}"
EndProject
Project("{9A19103F-16F7-4668-BE54-9A1E7A4F7556}") = "SessionViewer.Tests", "technicalAssessment.Test\SessionViewer.Tests.csproj", "{CBE00C92-58F3-4B3B-96B5-869B99843D75}"
EndProject
Global
	GlobalSection(SolutionConfigurationPlatforms) = preSolution
		Debug|Any CPU = Debug|Any CPU
		Release|Any CPU = Release|Any CPU
	EndGlobalSection
	GlobalSection(ProjectConfigurationPlatforms) = postSolution
		{C00A999D-157B-485C-920D-118D25C8F682}.Debug|Any CPU.ActiveCfg = Debug|Any CPU
		{C00A999D-157B-485C-920D-118D25C8F682}.Debug|Any CPU.Build.0 = Debug|Any CPU
		{C00A999D-157B-485C-920D-118D25C8F682}.Release|Any CPU.ActiveCfg = Release|Any CPU
		{C00A999D-157B-485C-920D-118D25C8F682}.Release|Any CPU.Build.0 = Release|Any CPU
		{CBE00C92-58F3-4B3B-96B5-869B99843D75}.Debug|Any CPU.ActiveCfg = Debug|Any CPU
		{CBE00C92-58F3-4B3B-96B5-869B99843D75}.Debug|Any CPU.Build.0 = Debug|Any CPU
		{CBE00C92-58F3-4B3B-96B5-869B99843D75}.Release|Any CPU.ActiveCfg = Release|Any CPU
		{CBE00C92-58F3-4B3B-96B5-869B99843D75}.Release|Any CPU.Build.0 = Release|Any CPU
	EndGlobalSection
	GlobalSection(SolutionProperties) = preSolution
		HideSolutionNode = FALSE
	EndGlobalSection
	GlobalSection(ExtensibilityGlobals) = postSolution
		SolutionGuid = {DC3DFF59-1812-4854-BBA1-80E343F94950}
	EndGlobalSection
EndGlobal
